lockfileVersion: '6.0'

settings:
  autoInstallPeers: true
  excludeLinksFromLockfile: false

importers:

  .: {}

  packages/prettier-config:
    dependencies:
      '@types/prettier':
        specifier: ^3
        version: 3.0.0
    devDependencies:
      prettier:
        specifier: ^3
        version: 3.4.2

packages:

  /@types/prettier@3.0.0:
    resolution: {integrity: sha512-mFMBfMOz8QxhYVbuINtswBp9VL2b4Y0QqYHwqLz3YbgtfAcat2Dl6Y1o4e22S/OVE6Ebl9m7wWiMT2lSbAs1wA==}
    deprecated: This is a stub types definition. prettier provides its own type definitions, so you do not need this installed.
    dependencies:
      prettier: 3.4.2
    dev: false

  /prettier@3.4.2:
    resolution: {integrity: sha512-e9MewbtFo+Fevyuxn/4rrcDAaq0IYxPGLvObpQjiZBMAzB9IGmzlnG9RZy3FFas+eBMu2vA0CszMeduow5dIuQ==}
    engines: {node: '>=14'}
    hasBin: true
